{
  "name": "demo",
  "version": "1.0.0",
  "lockfileVersion": 1,
  "requires": true,
  "dependencies": {
    "tritra": {
      "version": "0.1.2",
      "resolved": "https://registry.npmjs.org/tritra/-/tritra-0.1.2.tgz",
      "integrity": "sha512-lwxA8DnUKX3ZNfSzNlCmYoTFAvFILb1Ifgf8/GqaY2Ipmf7IRt7/GjsSmus+VDzpumvwzN0vIhMZ9DuxkP1/sQ=="
    }
  }
}
